
Microsoft Visual Studio Solution File, Format Version 12.00
# Visual Studio 15
VisualStudioVersion = 15.0.28307.902
MinimumVisualStudioVersion = 10.0.40219.1
Project("{FAE04EC0-301F-11D3-BF4B-00C04F79EFBC}") = "webRenovoTesouraria", "webRenovoTesouraria\webRenovoTesouraria.csproj", "{8D2C373D-0F28-41BB-BD2A-CE0240D96508}"
EndProject
Global
	GlobalSection(SolutionConfigurationPlatforms) = preSolution
		Debug|Any CPU = Debug|Any CPU
		Release|Any CPU = Release|Any CPU
	EndGlobalSection
	GlobalSection(ProjectConfigurationPlatforms) = postSolution
		{8D2C373D-0F28-41BB-BD2A-CE0240D96508}.Debug|Any CPU.ActiveCfg = Debug|Any CPU
		{8D2C373D-0F28-41BB-BD2A-CE0240D96508}.Debug|Any CPU.Build.0 = Debug|Any CPU
		{8D2C373D-0F28-41BB-BD2A-CE0240D96508}.Release|Any CPU.ActiveCfg = Release|Any CPU
		{8D2C373D-0F28-41BB-BD2A-CE0240D96508}.Release|Any CPU.Build.0 = Release|Any CPU
	EndGlobalSection
	GlobalSection(SolutionProperties) = preSolution
		HideSolutionNode = FALSE
	EndGlobalSection
	GlobalSection(ExtensibilityGlobals) = postSolution
		SolutionGuid = {FDE6A569-0BCF-4D99-B698-55C4495F6BB1}
	EndGlobalSection
EndGlobal
